gocv.io/x/gocv v0.37.0 h1:sISHvnApErjoJodz1Dxb8UAkFdITOB3vXGslbVu6Knk=
gocv.io/x/gocv v0.37.0/go.mod h1:lmS802zoQmnNvXETpmGriBqWrENPei2GxYx5KUxJsMA=
golang.org/x/image v0.43.0 h1:FLxcP4ec2350nTfOC8ysKtqYSIFbk/QGjw1ZHNP4tsY=
golang.org/x/image v0.43.0/go.mod h1:rrpelvGFt+kLPAjPM4HeWPgrl0FtafueU//e5N0qk/Q=
